
Microsoft Visual Studio Solution File, Format Version 9.00
# Visual Studio 2005
Project("{F184B08F-C81C-45F6-A57F-5ABD9991F28F}") = "ErrorProviderValidation", "ErrorProviderValidation.vbproj", "{2D2C1874-EE03-4B3B-8196-D1FCD28FACED}"
EndProject
Global
	GlobalSection(SolutionConfigurationPlatforms) = preSolution
		Debug|Any CPU = Debug|Any CPU
		Release|Any CPU = Release|Any CPU
	EndGlobalSection
	GlobalSection(ProjectConfigurationPlatforms) = postSolution
		{2D2C1874-EE03-4B3B-8196-D1FCD28FACED}.Debug|Any CPU.ActiveCfg = Debug|Any CPU
		{2D2C1874-EE03-4B3B-8196-D1FCD28FACED}.Debug|Any CPU.Build.0 = Debug|Any CPU
		{2D2C1874-EE03-4B3B-8196-D1FCD28FACED}.Release|Any CPU.ActiveCfg = Release|Any CPU
		{2D2C1874-EE03-4B3B-8196-D1FCD28FACED}.Release|Any CPU.Build.0 = Release|Any CPU
	EndGlobalSection
	GlobalSection(SolutionProperties) = preSolution
		HideSolutionNode = FALSE
	EndGlobalSection
EndGlobal
