
Microsoft Visual Studio Solution File, Format Version 9.00
# Visual Studio 2005
Project("{F184B08F-C81C-45F6-A57F-5ABD9991F28F}") = "LocalizedTest", "LocalizedTest.vbproj", "{00BFAAE1-3AF9-4AE5-A733-9C4DAC8E73E8}"
EndProject
Global
	GlobalSection(SolutionConfigurationPlatforms) = preSolution
		Debug|Any CPU = Debug|Any CPU
		Release|Any CPU = Release|Any CPU
	EndGlobalSection
	GlobalSection(ProjectConfigurationPlatforms) = postSolution
		{00BFAAE1-3AF9-4AE5-A733-9C4DAC8E73E8}.Debug|Any CPU.ActiveCfg = Debug|Any CPU
		{00BFAAE1-3AF9-4AE5-A733-9C4DAC8E73E8}.Debug|Any CPU.Build.0 = Debug|Any CPU
		{00BFAAE1-3AF9-4AE5-A733-9C4DAC8E73E8}.Release|Any CPU.ActiveCfg = Release|Any CPU
		{00BFAAE1-3AF9-4AE5-A733-9C4DAC8E73E8}.Release|Any CPU.Build.0 = Release|Any CPU
	EndGlobalSection
	GlobalSection(SolutionProperties) = preSolution
		HideSolutionNode = FALSE
	EndGlobalSection
EndGlobal
